
Microsoft Visual Studio Solution File, Format Version 12.00
# Visual Studio Version 16
VisualStudioVersion = 16.0.29009.5
MinimumVisualStudioVersion = 10.0.40219.1
Project("{9A19103F-16F7-4668-BE54-9A1E7A4F7556}") = "Runner", "Runner\Runner.csproj", "{F3EF450A-9031-47E6-BC37-96B22B4E1729}"
EndProject
Project("{9A19103F-16F7-4668-BE54-9A1E7A4F7556}") = "Solution", "Solution\Solution.csproj", "{66ED3C68-2B05-4DA5-A53D-5155405D8F7B}"
EndProject
Project("{9A19103F-16F7-4668-BE54-9A1E7A4F7556}") = "Tests", "Tests\Tests.csproj", "{C5315BAC-94C8-4E26-8930-5C15ADB0DB69}"
EndProject
Global
	GlobalSection(SolutionConfigurationPlatforms) = preSolution
		Debug|Any CPU = Debug|Any CPU
		Release|Any CPU = Release|Any CPU
	EndGlobalSection
	GlobalSection(ProjectConfigurationPlatforms) = postSolution
		{F3EF450A-9031-47E6-BC37-96B22B4E1729}.Debug|Any CPU.ActiveCfg = Debug|Any CPU
		{F3EF450A-9031-47E6-BC37-96B22B4E1729}.Debug|Any CPU.Build.0 = Debug|Any CPU
		{F3EF450A-9031-47E6-BC37-96B22B4E1729}.Release|Any CPU.ActiveCfg = Release|Any CPU
		{F3EF450A-9031-47E6-BC37-96B22B4E1729}.Release|Any CPU.Build.0 = Release|Any CPU
		{66ED3C68-2B05-4DA5-A53D-5155405D8F7B}.Debug|Any CPU.ActiveCfg = Debug|Any CPU
		{66ED3C68-2B05-4DA5-A53D-5155405D8F7B}.Debug|Any CPU.Build.0 = Debug|Any CPU
		{66ED3C68-2B05-4DA5-A53D-5155405D8F7B}.Release|Any CPU.ActiveCfg = Release|Any CPU
		{66ED3C68-2B05-4DA5-A53D-5155405D8F7B}.Release|Any CPU.Build.0 = Release|Any CPU
		{C5315BAC-94C8-4E26-8930-5C15ADB0DB69}.Debug|Any CPU.ActiveCfg = Debug|Any CPU
		{C5315BAC-94C8-4E26-8930-5C15ADB0DB69}.Debug|Any CPU.Build.0 = Debug|Any CPU
		{C5315BAC-94C8-4E26-8930-5C15ADB0DB69}.Release|Any CPU.ActiveCfg = Release|Any CPU
		{C5315BAC-94C8-4E26-8930-5C15ADB0DB69}.Release|Any CPU.Build.0 = Release|Any CPU
	EndGlobalSection
	GlobalSection(SolutionProperties) = preSolution
		HideSolutionNode = FALSE
	EndGlobalSection
	GlobalSection(ExtensibilityGlobals) = postSolution
		SolutionGuid = {C0F4D952-58B7-4A90-AAFC-295FAF8B065B}
	EndGlobalSection
EndGlobal
